
Microsoft Visual Studio Solution File, Format Version 12.00
# Visual Studio 15
Project("{FAE04EC0-301F-11D3-BF4B-00C04F79EFBC}") = "Microsoft.MixedReality.Toolkit", "Microsoft.MixedReality.Toolkit.csproj", "{AD7EB651-47CA-4AC2-0362-7D3D80852244}"
EndProject
Project("{FAE04EC0-301F-11D3-BF4B-00C04F79EFBC}") = "Assembly-CSharp", "Assembly-CSharp.csproj", "{84883BC1-ABF6-7F27-6758-DAAC45CDB09A}"
EndProject
Project("{FAE04EC0-301F-11D3-BF4B-00C04F79EFBC}") = "UnityEngine.UI", "UnityEngine.UI.csproj", "{C3642700-CD45-20C0-B863-7CC3FAA67B5B}"
EndProject
Project("{FAE04EC0-301F-11D3-BF4B-00C04F79EFBC}") = "Microsoft.MixedReality.Toolkit.Providers.XRSDK", "Microsoft.MixedReality.Toolkit.Providers.XRSDK.csproj", "{755D1CD0-2613-66A9-8B5F-D0763341C8D1}"
EndProject
Project("{FAE04EC0-301F-11D3-BF4B-00C04F79EFBC}") = "Microsoft.MixedReality.Toolkit.SDK", "Microsoft.MixedReality.Toolkit.SDK.csproj", "{22842E78-B2C0-2D0D-D597-17A20F402F9E}"
EndProject
Project("{FAE04EC0-301F-11D3-BF4B-00C04F79EFBC}") = "UniRx", "UniRx.csproj", "{D86A3582-D257-9463-EFA7-1C04DED53C46}"
EndProject
Project("{FAE04EC0-301F-11D3-BF4B-00C04F79EFBC}") = "Microsoft.MixedReality.Toolkit.Services.InputSystem", "Microsoft.MixedReality.Toolkit.Services.InputSystem.csproj", "{481766CB-D8DD-09FD-88CA-0C2A6D37A724}"
EndProject
Project("{FAE04EC0-301F-11D3-BF4B-00C04F79EFBC}") = "Microsoft.MixedReality.Toolkit.Async", "Microsoft.MixedReality.Toolkit.Async.csproj", "{067F59B7-E564-68AE-73AF-7FC0208D4E53}"
EndProject
Project("{FAE04EC0-301F-11D3-BF4B-00C04F79EFBC}") = "Microsoft.MixedReality.Toolkit.SDK.Experimental.Interactive", "Microsoft.MixedReality.Toolkit.SDK.Experimental.Interactive.csproj", "{B1334184-F573-7CE3-FA79-7A82E3933A32}"
EndProject
Project("{FAE04EC0-301F-11D3-BF4B-00C04F79EFBC}") = "Microsoft.MixedReality.Toolkit.Providers.OpenXR", "Microsoft.MixedReality.Toolkit.Providers.OpenXR.csproj", "{AE5758DA-E4C9-94C6-C19B-A7FB3758ED6C}"
EndProject
Project("{FAE04EC0-301F-11D3-BF4B-00C04F79EFBC}") = "Assembly-CSharp-firstpass", "Assembly-CSharp-firstpass.csproj", "{C14BFA3A-EF61-9047-14F6-78858D570AD8}"
EndProject
Project("{FAE04EC0-301F-11D3-BF4B-00C04F79EFBC}") = "Microsoft.MixedReality.Toolkit.Providers.LeapMotion", "Microsoft.MixedReality.Toolkit.Providers.LeapMotion.csproj", "{A6050F7D-70CE-FC7F-070E-45918A9FC8B1}"
EndProject
Project("{FAE04EC0-301F-11D3-BF4B-00C04F79EFBC}") = "Microsoft.MixedReality.Toolkit.Examples", "Microsoft.MixedReality.Toolkit.Examples.csproj", "{786431BA-DC11-26B7-6FE0-9CB8F3F4DE4B}"
EndProject
Project("{FAE04EC0-301F-11D3-BF4B-00C04F79EFBC}") = "Microsoft.MixedReality.Toolkit.Providers.UnityAR", "Microsoft.MixedReality.Toolkit.Providers.UnityAR.csproj", "{596F905C-7617-F56E-8593-84F46138A418}"
EndProject
Project("{FAE04EC0-301F-11D3-BF4B-00C04F79EFBC}") = "Microsoft.MixedReality.Toolkit.Services.CameraSystem", "Microsoft.MixedReality.Toolkit.Services.CameraSystem.csproj", "{E7FE1AE2-2FFC-680C-19E0-270412C6433B}"
EndProject
Project("{FAE04EC0-301F-11D3-BF4B-00C04F79EFBC}") = "Microsoft.MixedReality.Toolkit.Providers.WindowsMixedReality.Shared", "Microsoft.MixedReality.Toolkit.Providers.WindowsMixedReality.Shared.csproj", "{8C400D48-27C9-F233-0CC6-0DDD70F3BB89}"
EndProject
Project("{FAE04EC0-301F-11D3-BF4B-00C04F79EFBC}") = "Microsoft.MixedReality.Toolkit.Services.SceneSystem", "Microsoft.MixedReality.Toolkit.Services.SceneSystem.csproj", "{B5CB2661-0766-7E35-9337-65CA8C9F51E1}"
EndProject
Project("{FAE04EC0-301F-11D3-BF4B-00C04F79EFBC}") = "Microsoft.MixedReality.Toolkit.Providers.WindowsSceneUnderstanding", "Microsoft.MixedReality.Toolkit.Providers.WindowsSceneUnderstanding.csproj", "{A469A501-0C8E-0BDC-68F7-EE2788D9EAA2}"
EndProject
Project("{FAE04EC0-301F-11D3-BF4B-00C04F79EFBC}") = "Microsoft.MixedReality.Toolkit.Gltf", "Microsoft.MixedReality.Toolkit.Gltf.csproj", "{017105BF-8E41-E567-B6F0-ED54575B112A}"
EndProject
Project("{FAE04EC0-301F-11D3-BF4B-00C04F79EFBC}") = "Microsoft.MixedReality.Toolkit.Services.InputSimulation", "Microsoft.MixedReality.Toolkit.Services.InputSimulation.csproj", "{F64FC394-0AA9-6912-429F-7171BEF63C97}"
EndProject
Project("{FAE04EC0-301F-11D3-BF4B-00C04F79EFBC}") = "Microsoft.MixedReality.Toolkit.Providers.XRSDK.WindowsMixedReality", "Microsoft.MixedReality.Toolkit.Providers.XRSDK.WindowsMixedReality.csproj", "{34156BDF-7BC2-3F78-BD18-33C6AAB38ED4}"
EndProject
Project("{FAE04EC0-301F-11D3-BF4B-00C04F79EFBC}") = "Microsoft.MixedReality.Toolkit.Services.InputAnimation", "Microsoft.MixedReality.Toolkit.Services.InputAnimation.csproj", "{1E700DD9-B8EC-764A-E547-1E2C5D99C8B7}"
EndProject
Project("{FAE04EC0-301F-11D3-BF4B-00C04F79EFBC}") = "Microsoft.MixedReality.Toolkit.Demos.UX.Interactables", "Microsoft.MixedReality.Toolkit.Demos.UX.Interactables.csproj", "{45114029-0C09-5A31-8A70-B2E7FBD6E5E6}"
EndProject
Project("{FAE04EC0-301F-11D3-BF4B-00C04F79EFBC}") = "Microsoft.MixedReality.Toolkit.Providers.WindowsVoiceInput", "Microsoft.MixedReality.Toolkit.Providers.WindowsVoiceInput.csproj", "{DE48004D-56CB-CE77-7AD9-7C93CB62670C}"
EndProject
Project("{FAE04EC0-301F-11D3-BF4B-00C04F79EFBC}") = "Microsoft.MixedReality.Toolkit.Demos.Audio", "Microsoft.MixedReality.Toolkit.Demos.Audio.csproj", "{03006C99-E761-8F67-5597-CACAC2BFE3ED}"
EndProject
Project("{FAE04EC0-301F-11D3-BF4B-00C04F79EFBC}") = "UniRx.Examples", "UniRx.Examples.csproj", "{518690FE-BC08-6875-07C2-1976CB321FEF}"
EndProject
Project("{FAE04EC0-301F-11D3-BF4B-00C04F79EFBC}") = "Microsoft.MixedReality.Toolkit.Services.DiagnosticsSystem", "Microsoft.MixedReality.Toolkit.Services.DiagnosticsSystem.csproj", "{78EB2028-9945-3A0D-0AE0-20EC71A59151}"
EndProject
Project("{FAE04EC0-301F-11D3-BF4B-00C04F79EFBC}") = "Microsoft.MixedReality.Toolkit.Demos.Gltf", "Microsoft.MixedReality.Toolkit.Demos.Gltf.csproj", "{7A3E846F-B8FE-05E0-4741-1C47619D696A}"
EndProject
Project("{FAE04EC0-301F-11D3-BF4B-00C04F79EFBC}") = "Microsoft.MixedReality.Toolkit.Tools.Runtime", "Microsoft.MixedReality.Toolkit.Tools.Runtime.csproj", "{31376B3C-7C93-6D70-2EF9-EF7BF85AD3CF}"
EndProject
Project("{FAE04EC0-301F-11D3-BF4B-00C04F79EFBC}") = "Microsoft.MixedReality.Toolkit.Services.TeleportSystem", "Microsoft.MixedReality.Toolkit.Services.TeleportSystem.csproj", "{36A95647-9260-A97E-9786-B100B9F94CB0}"
EndProject
Project("{FAE04EC0-301F-11D3-BF4B-00C04F79EFBC}") = "Microsoft.MixedReality.Toolkit.Services.SpatialAwarenessSystem", "Microsoft.MixedReality.Toolkit.Services.SpatialAwarenessSystem.csproj", "{9A52232C-5638-B59D-32E8-0A2E6F1C82CA}"
EndProject
Project("{FAE04EC0-301F-11D3-BF4B-00C04F79EFBC}") = "Microsoft.MixedReality.Toolkit.Providers.XRSDK.Oculus", "Microsoft.MixedReality.Toolkit.Providers.XRSDK.Oculus.csproj", "{80C37EF8-A64B-AC64-0855-13D16B94789A}"
EndProject
Project("{FAE04EC0-301F-11D3-BF4B-00C04F79EFBC}") = "Microsoft.MixedReality.Toolkit.Demos.InspectorFields", "Microsoft.MixedReality.Toolkit.Demos.InspectorFields.csproj", "{1E2B45E3-6D5F-D01A-084F-E2A1FBADEAD3}"
EndProject
Project("{FAE04EC0-301F-11D3-BF4B-00C04F79EFBC}") = "Microsoft.MixedReality.Toolkit.Editor.Inspectors", "Microsoft.MixedReality.Toolkit.Editor.Inspectors.csproj", "{9CD439B7-CADF-082E-F2A5-C68AE5D12109}"
EndProject
Project("{FAE04EC0-301F-11D3-BF4B-00C04F79EFBC}") = "Assembly-CSharp-Editor-firstpass", "Assembly-CSharp-Editor-firstpass.csproj", "{7A00014E-9E6E-70B4-D186-6BC6A17A259F}"
EndProject
Project("{FAE04EC0-301F-11D3-BF4B-00C04F79EFBC}") = "Microsoft.MixedReality.Toolkit.Editor.ClassExtensions", "Microsoft.MixedReality.Toolkit.Editor.ClassExtensions.csproj", "{E67129E4-5F8B-BE24-8902-5474226973E2}"
EndProject
Project("{FAE04EC0-301F-11D3-BF4B-00C04F79EFBC}") = "Microsoft.MixedReality.Toolkit.Services.InputSystem.Editor", "Microsoft.MixedReality.Toolkit.Services.InputSystem.Editor.csproj", "{0E31D5D5-7160-6147-6CC7-8904605C4A37}"
EndProject
Project("{FAE04EC0-301F-11D3-BF4B-00C04F79EFBC}") = "Microsoft.MixedReality.Toolkit.SDK.Editor", "Microsoft.MixedReality.Toolkit.SDK.Editor.csproj", "{CC80EE42-7CF9-8DB2-9847-02280C36F474}"
EndProject
Project("{FAE04EC0-301F-11D3-BF4B-00C04F79EFBC}") = "Microsoft.MixedReality.Toolkit.Editor.Utilities", "Microsoft.MixedReality.Toolkit.Editor.Utilities.csproj", "{529C30D6-D1D9-ABB9-FD36-B0CE9A0CE11B}"
EndProject
Project("{FAE04EC0-301F-11D3-BF4B-00C04F79EFBC}") = "Microsoft.MixedReality.Toolkit.Gltf.Importers", "Microsoft.MixedReality.Toolkit.Gltf.Importers.csproj", "{4E9A62E9-F8FF-414A-E29D-DF4F92F26131}"
EndProject
Project("{FAE04EC0-301F-11D3-BF4B-00C04F79EFBC}") = "Microsoft.MixedReality.Toolkit.MSBuild", "Microsoft.MixedReality.Toolkit.MSBuild.csproj", "{C4B9A856-2ECF-C88C-1455-80237592FBCC}"
EndProject
Project("{FAE04EC0-301F-11D3-BF4B-00C04F79EFBC}") = "Microsoft.MixedReality.Toolkit.StandardAssets.Editor", "Microsoft.MixedReality.Toolkit.StandardAssets.Editor.csproj", "{B2CA2284-7165-AFFB-FC2F-9BB98677F6BC}"
EndProject
Project("{FAE04EC0-301F-11D3-BF4B-00C04F79EFBC}") = "UnityEditor.UI", "UnityEditor.UI.csproj", "{5795E109-27D5-6107-FCAA-211295BEA317}"
EndProject
Project("{FAE04EC0-301F-11D3-BF4B-00C04F79EFBC}") = "Microsoft.MixedReality.Toolkit.Editor.BuildAndDeploy", "Microsoft.MixedReality.Toolkit.Editor.BuildAndDeploy.csproj", "{31A796F5-8D12-BDAB-A0A3-986F4933F095}"
EndProject
Project("{FAE04EC0-301F-11D3-BF4B-00C04F79EFBC}") = "Microsoft.MixedReality.Toolkit.Providers.ObjectMeshObserver", "Microsoft.MixedReality.Toolkit.Providers.ObjectMeshObserver.csproj", "{23275155-7CB7-E042-8E7B-E6D04C8CF496}"
EndProject
Project("{FAE04EC0-301F-11D3-BF4B-00C04F79EFBC}") = "MRTK.OpenXR.Editor", "MRTK.OpenXR.Editor.csproj", "{B33BAF2A-D3ED-41A6-5934-874107263481}"
EndProject
Project("{FAE04EC0-301F-11D3-BF4B-00C04F79EFBC}") = "Microsoft.MixedReality.Toolkit.Tools", "Microsoft.MixedReality.Toolkit.Tools.csproj", "{EF3A26E7-D498-2421-9334-C8C5968EB790}"
EndProject
Project("{FAE04EC0-301F-11D3-BF4B-00C04F79EFBC}") = "Microsoft.MixedReality.Toolkit.Demos.StandardShader.Inspectors", "Microsoft.MixedReality.Toolkit.Demos.StandardShader.Inspectors.csproj", "{016F0807-F6BF-15E9-C51F-E58D177FBF33}"
EndProject
Project("{FAE04EC0-301F-11D3-BF4B-00C04F79EFBC}") = "Microsoft.MixedReality.Toolkit.Providers.WindowsSceneUnderstanding.Editor", "Microsoft.MixedReality.Toolkit.Providers.WindowsSceneUnderstanding.Editor.csproj", "{9EAEE02F-AB55-0E08-3048-2E70E3B61945}"
EndProject
Project("{FAE04EC0-301F-11D3-BF4B-00C04F79EFBC}") = "Microsoft.MixedReality.Toolkit.Providers.WindowsMixedReality.Editor", "Microsoft.MixedReality.Toolkit.Providers.WindowsMixedReality.Editor.csproj", "{F4C0EA68-B816-BDBF-E0E8-229067D96B7B}"
EndProject
Project("{FAE04EC0-301F-11D3-BF4B-00C04F79EFBC}") = "Microsoft.MixedReality.Toolkit.Editor.ServiceInspectors", "Microsoft.MixedReality.Toolkit.Editor.ServiceInspectors.csproj", "{726CE25A-FF62-5EAE-570B-B59968AE12BE}"
EndProject
Project("{FAE04EC0-301F-11D3-BF4B-00C04F79EFBC}") = "Microsoft.MixedReality.Toolkit.SDK.Experimental.Editor", "Microsoft.MixedReality.Toolkit.SDK.Experimental.Editor.csproj", "{A1527284-6991-9A5A-5CBB-BC2C924863B3}"
EndProject
Project("{FAE04EC0-301F-11D3-BF4B-00C04F79EFBC}") = "Microsoft.MixedReality.Toolkit.Demos.Gltf.Inspectors", "Microsoft.MixedReality.Toolkit.Demos.Gltf.Inspectors.csproj", "{D2509C80-787B-67EB-8C15-B785EEBA7E2C}"
EndProject
Project("{FAE04EC0-301F-11D3-BF4B-00C04F79EFBC}") = "Microsoft.MixedReality.Toolkit.Services.InputSimulation.Editor", "Microsoft.MixedReality.Toolkit.Services.InputSimulation.Editor.csproj", "{C15B1978-488B-A260-CE2A-F60FE8C73893}"
EndProject
Project("{FAE04EC0-301F-11D3-BF4B-00C04F79EFBC}") = "Microsoft.MixedReality.Toolkit.Providers.XRSDK.Oculus.Handtracking.Editor", "Microsoft.MixedReality.Toolkit.Providers.XRSDK.Oculus.Handtracking.Editor.csproj", "{C8A7FFBD-F0C5-9F5D-9D2F-08D4F3F54AFF}"
EndProject
Project("{FAE04EC0-301F-11D3-BF4B-00C04F79EFBC}") = "Microsoft.MixedReality.Toolkit.SDK.Experimental.Editor.Interactive", "Microsoft.MixedReality.Toolkit.SDK.Experimental.Editor.Interactive.csproj", "{DB3F2B64-407F-E300-BAD7-8548543C5620}"
EndProject
Project("{FAE04EC0-301F-11D3-BF4B-00C04F79EFBC}") = "Microsoft.MixedReality.Toolkit.Providers.LeapMotion.Editor", "Microsoft.MixedReality.Toolkit.Providers.LeapMotion.Editor.csproj", "{D9E9AD5B-8F22-C8C1-23E0-90F2E07DBED7}"
EndProject
Project("{FAE04EC0-301F-11D3-BF4B-00C04F79EFBC}") = "Microsoft.MixedReality.Toolkit.Providers.UnityAR.Editor", "Microsoft.MixedReality.Toolkit.Providers.UnityAR.Editor.csproj", "{2251ABB8-E9FF-27D1-37A9-47398197758A}"
EndProject
Project("{FAE04EC0-301F-11D3-BF4B-00C04F79EFBC}") = "Microsoft.MixedReality.Toolkit.Demos.InspectorFields.Inspectors", "Microsoft.MixedReality.Toolkit.Demos.InspectorFields.Inspectors.csproj", "{A08C0683-003A-4B17-9771-5A1760B7C552}"
EndProject
Global
	GlobalSection(SolutionConfigurationPlatforms) = preSolution
		Debug|Any CPU = Debug|Any CPU
		Release|Any CPU = Release|Any CPU
	EndGlobalSection
	GlobalSection(ProjectConfigurationPlatforms) = postSolution
		{AD7EB651-47CA-4AC2-0362-7D3D80852244}.Debug|Any CPU.ActiveCfg = Debug|Any CPU
		{AD7EB651-47CA-4AC2-0362-7D3D80852244}.Debug|Any CPU.Build.0 = Debug|Any CPU
		{AD7EB651-47CA-4AC2-0362-7D3D80852244}.Release|Any CPU.ActiveCfg = Release|Any CPU
		{AD7EB651-47CA-4AC2-0362-7D3D80852244}.Release|Any CPU.Build.0 = Release|Any CPU
		{84883BC1-ABF6-7F27-6758-DAAC45CDB09A}.Debug|Any CPU.ActiveCfg = Debug|Any CPU
		{84883BC1-ABF6-7F27-6758-DAAC45CDB09A}.Debug|Any CPU.Build.0 = Debug|Any CPU
		{84883BC1-ABF6-7F27-6758-DAAC45CDB09A}.Release|Any CPU.ActiveCfg = Release|Any CPU
		{84883BC1-ABF6-7F27-6758-DAAC45CDB09A}.Release|Any CPU.Build.0 = Release|Any CPU
		{C3642700-CD45-20C0-B863-7CC3FAA67B5B}.Debug|Any CPU.ActiveCfg = Debug|Any CPU
		{C3642700-CD45-20C0-B863-7CC3FAA67B5B}.Debug|Any CPU.Build.0 = Debug|Any CPU
		{C3642700-CD45-20C0-B863-7CC3FAA67B5B}.Release|Any CPU.ActiveCfg = Release|Any CPU
		{C3642700-CD45-20C0-B863-7CC3FAA67B5B}.Release|Any CPU.Build.0 = Release|Any CPU
		{755D1CD0-2613-66A9-8B5F-D0763341C8D1}.Debug|Any CPU.ActiveCfg = Debug|Any CPU
		{755D1CD0-2613-66A9-8B5F-D0763341C8D1}.Debug|Any CPU.Build.0 = Debug|Any CPU
		{755D1CD0-2613-66A9-8B5F-D0763341C8D1}.Release|Any CPU.ActiveCfg = Release|Any CPU
		{755D1CD0-2613-66A9-8B5F-D0763341C8D1}.Release|Any CPU.Build.0 = Release|Any CPU
		{22842E78-B2C0-2D0D-D597-17A20F402F9E}.Debug|Any CPU.ActiveCfg = Debug|Any CPU
		{22842E78-B2C0-2D0D-D597-17A20F402F9E}.Debug|Any CPU.Build.0 = Debug|Any CPU
		{22842E78-B2C0-2D0D-D597-17A20F402F9E}.Release|Any CPU.ActiveCfg = Release|Any CPU
		{22842E78-B2C0-2D0D-D597-17A20F402F9E}.Release|Any CPU.Build.0 = Release|Any CPU
		{D86A3582-D257-9463-EFA7-1C04DED53C46}.Debug|Any CPU.ActiveCfg = Debug|Any CPU
		{D86A3582-D257-9463-EFA7-1C04DED53C46}.Debug|Any CPU.Build.0 = Debug|Any CPU
		{D86A3582-D257-9463-EFA7-1C04DED53C46}.Release|Any CPU.ActiveCfg = Release|Any CPU
		{D86A3582-D257-9463-EFA7-1C04DED53C46}.Release|Any CPU.Build.0 = Release|Any CPU
		{481766CB-D8DD-09FD-88CA-0C2A6D37A724}.Debug|Any CPU.ActiveCfg = Debug|Any CPU
		{481766CB-D8DD-09FD-88CA-0C2A6D37A724}.Debug|Any CPU.Build.0 = Debug|Any CPU
		{481766CB-D8DD-09FD-88CA-0C2A6D37A724}.Release|Any CPU.ActiveCfg = Release|Any CPU
		{481766CB-D8DD-09FD-88CA-0C2A6D37A724}.Release|Any CPU.Build.0 = Release|Any CPU
		{067F59B7-E564-68AE-73AF-7FC0208D4E53}.Debug|Any CPU.ActiveCfg = Debug|Any CPU
		{067F59B7-E564-68AE-73AF-7FC0208D4E53}.Debug|Any CPU.Build.0 = Debug|Any CPU
		{067F59B7-E564-68AE-73AF-7FC0208D4E53}.Release|Any CPU.ActiveCfg = Release|Any CPU
		{067F59B7-E564-68AE-73AF-7FC0208D4E53}.Release|Any CPU.Build.0 = Release|Any CPU
		{B1334184-F573-7CE3-FA79-7A82E3933A32}.Debug|Any CPU.ActiveCfg = Debug|Any CPU
		{B1334184-F573-7CE3-FA79-7A82E3933A32}.Debug|Any CPU.Build.0 = Debug|Any CPU
		{B1334184-F573-7CE3-FA79-7A82E3933A32}.Release|Any CPU.ActiveCfg = Release|Any CPU
		{B1334184-F573-7CE3-FA79-7A82E3933A32}.Release|Any CPU.Build.0 = Release|Any CPU
		{AE5758DA-E4C9-94C6-C19B-A7FB3758ED6C}.Debug|Any CPU.ActiveCfg = Debug|Any CPU
		{AE5758DA-E4C9-94C6-C19B-A7FB3758ED6C}.Debug|Any CPU.Build.0 = Debug|Any CPU
		{AE5758DA-E4C9-94C6-C19B-A7FB3758ED6C}.Release|Any CPU.ActiveCfg = Release|Any CPU
		{AE5758DA-E4C9-94C6-C19B-A7FB3758ED6C}.Release|Any CPU.Build.0 = Release|Any CPU
		{C14BFA3A-EF61-9047-14F6-78858D570AD8}.Debug|Any CPU.ActiveCfg = Debug|Any CPU
		{C14BFA3A-EF61-9047-14F6-78858D570AD8}.Debug|Any CPU.Build.0 = Debug|Any CPU
		{C14BFA3A-EF61-9047-14F6-78858D570AD8}.Release|Any CPU.ActiveCfg = Release|Any CPU
		{C14BFA3A-EF61-9047-14F6-78858D570AD8}.Release|Any CPU.Build.0 = Release|Any CPU
		{A6050F7D-70CE-FC7F-070E-45918A9FC8B1}.Debug|Any CPU.ActiveCfg = Debug|Any CPU
		{A6050F7D-70CE-FC7F-070E-45918A9FC8B1}.Debug|Any CPU.Build.0 = Debug|Any CPU
		{A6050F7D-70CE-FC7F-070E-45918A9FC8B1}.Release|Any CPU.ActiveCfg = Release|Any CPU
		{A6050F7D-70CE-FC7F-070E-45918A9FC8B1}.Release|Any CPU.Build.0 = Release|Any CPU
		{786431BA-DC11-26B7-6FE0-9CB8F3F4DE4B}.Debug|Any CPU.ActiveCfg = Debug|Any CPU
		{786431BA-DC11-26B7-6FE0-9CB8F3F4DE4B}.Debug|Any CPU.Build.0 = Debug|Any CPU
		{786431BA-DC11-26B7-6FE0-9CB8F3F4DE4B}.Release|Any CPU.ActiveCfg = Release|Any CPU
		{786431BA-DC11-26B7-6FE0-9CB8F3F4DE4B}.Release|Any CPU.Build.0 = Release|Any CPU
		{596F905C-7617-F56E-8593-84F46138A418}.Debug|Any CPU.ActiveCfg = Debug|Any CPU
		{596F905C-7617-F56E-8593-84F46138A418}.Debug|Any CPU.Build.0 = Debug|Any CPU
		{596F905C-7617-F56E-8593-84F46138A418}.Release|Any CPU.ActiveCfg = Release|Any CPU
		{596F905C-7617-F56E-8593-84F46138A418}.Release|Any CPU.Build.0 = Release|Any CPU
		{E7FE1AE2-2FFC-680C-19E0-270412C6433B}.Debug|Any CPU.ActiveCfg = Debug|Any CPU
		{E7FE1AE2-2FFC-680C-19E0-270412C6433B}.Debug|Any CPU.Build.0 = Debug|Any CPU
		{E7FE1AE2-2FFC-680C-19E0-270412C6433B}.Release|Any CPU.ActiveCfg = Release|Any CPU
		{E7FE1AE2-2FFC-680C-19E0-270412C6433B}.Release|Any CPU.Build.0 = Release|Any CPU
		{8C400D48-27C9-F233-0CC6-0DDD70F3BB89}.Debug|Any CPU.ActiveCfg = Debug|Any CPU
		{8C400D48-27C9-F233-0CC6-0DDD70F3BB89}.Debug|Any CPU.Build.0 = Debug|Any CPU
		{8C400D48-27C9-F233-0CC6-0DDD70F3BB89}.Release|Any CPU.ActiveCfg = Release|Any CPU
		{8C400D48-27C9-F233-0CC6-0DDD70F3BB89}.Release|Any CPU.Build.0 = Release|Any CPU
		{B5CB2661-0766-7E35-9337-65CA8C9F51E1}.Debug|Any CPU.ActiveCfg = Debug|Any CPU
		{B5CB2661-0766-7E35-9337-65CA8C9F51E1}.Debug|Any CPU.Build.0 = Debug|Any CPU
		{B5CB2661-0766-7E35-9337-65CA8C9F51E1}.Release|Any CPU.ActiveCfg = Release|Any CPU
		{B5CB2661-0766-7E35-9337-65CA8C9F51E1}.Release|Any CPU.Build.0 = Release|Any CPU
		{A469A501-0C8E-0BDC-68F7-EE2788D9EAA2}.Debug|Any CPU.ActiveCfg = Debug|Any CPU
		{A469A501-0C8E-0BDC-68F7-EE2788D9EAA2}.Debug|Any CPU.Build.0 = Debug|Any CPU
		{A469A501-0C8E-0BDC-68F7-EE2788D9EAA2}.Release|Any CPU.ActiveCfg = Release|Any CPU
		{A469A501-0C8E-0BDC-68F7-EE2788D9EAA2}.Release|Any CPU.Build.0 = Release|Any CPU
		{017105BF-8E41-E567-B6F0-ED54575B112A}.Debug|Any CPU.ActiveCfg = Debug|Any CPU
		{017105BF-8E41-E567-B6F0-ED54575B112A}.Debug|Any CPU.Build.0 = Debug|Any CPU
		{017105BF-8E41-E567-B6F0-ED54575B112A}.Release|Any CPU.ActiveCfg = Release|Any CPU
		{017105BF-8E41-E567-B6F0-ED54575B112A}.Release|Any CPU.Build.0 = Release|Any CPU
		{F64FC394-0AA9-6912-429F-7171BEF63C97}.Debug|Any CPU.ActiveCfg = Debug|Any CPU
		{F64FC394-0AA9-6912-429F-7171BEF63C97}.Debug|Any CPU.Build.0 = Debug|Any CPU
		{F64FC394-0AA9-6912-429F-7171BEF63C97}.Release|Any CPU.ActiveCfg = Release|Any CPU
		{F64FC394-0AA9-6912-429F-7171BEF63C97}.Release|Any CPU.Build.0 = Release|Any CPU
		{34156BDF-7BC2-3F78-BD18-33C6AAB38ED4}.Debug|Any CPU.ActiveCfg = Debug|Any CPU
		{34156BDF-7BC2-3F78-BD18-33C6AAB38ED4}.Debug|Any CPU.Build.0 = Debug|Any CPU
		{34156BDF-7BC2-3F78-BD18-33C6AAB38ED4}.Release|Any CPU.ActiveCfg = Release|Any CPU
		{34156BDF-7BC2-3F78-BD18-33C6AAB38ED4}.Release|Any CPU.Build.0 = Release|Any CPU
		{1E700DD9-B8EC-764A-E547-1E2C5D99C8B7}.Debug|Any CPU.ActiveCfg = Debug|Any CPU
		{1E700DD9-B8EC-764A-E547-1E2C5D99C8B7}.Debug|Any CPU.Build.0 = Debug|Any CPU
		{1E700DD9-B8EC-764A-E547-1E2C5D99C8B7}.Release|Any CPU.ActiveCfg = Release|Any CPU
		{1E700DD9-B8EC-764A-E547-1E2C5D99C8B7}.Release|Any CPU.Build.0 = Release|Any CPU
		{45114029-0C09-5A31-8A70-B2E7FBD6E5E6}.Debug|Any CPU.ActiveCfg = Debug|Any CPU
		{45114029-0C09-5A31-8A70-B2E7FBD6E5E6}.Debug|Any CPU.Build.0 = Debug|Any CPU
		{45114029-0C09-5A31-8A70-B2E7FBD6E5E6}.Release|Any CPU.ActiveCfg = Release|Any CPU
		{45114029-0C09-5A31-8A70-B2E7FBD6E5E6}.Release|Any CPU.Build.0 = Release|Any CPU
		{DE48004D-56CB-CE77-7AD9-7C93CB62670C}.Debug|Any CPU.ActiveCfg = Debug|Any CPU
		{DE48004D-56CB-CE77-7AD9-7C93CB62670C}.Debug|Any CPU.Build.0 = Debug|Any CPU
		{DE48004D-56CB-CE77-7AD9-7C93CB62670C}.Release|Any CPU.ActiveCfg = Release|Any CPU
		{DE48004D-56CB-CE77-7AD9-7C93CB62670C}.Release|Any CPU.Build.0 = Release|Any CPU
		{03006C99-E761-8F67-5597-CACAC2BFE3ED}.Debug|Any CPU.ActiveCfg = Debug|Any CPU
		{03006C99-E761-8F67-5597-CACAC2BFE3ED}.Debug|Any CPU.Build.0 = Debug|Any CPU
		{03006C99-E761-8F67-5597-CACAC2BFE3ED}.Release|Any CPU.ActiveCfg = Release|Any CPU
		{03006C99-E761-8F67-5597-CACAC2BFE3ED}.Release|Any CPU.Build.0 = Release|Any CPU
		{518690FE-BC08-6875-07C2-1976CB321FEF}.Debug|Any CPU.ActiveCfg = Debug|Any CPU
		{518690FE-BC08-6875-07C2-1976CB321FEF}.Debug|Any CPU.Build.0 = Debug|Any CPU
		{518690FE-BC08-6875-07C2-1976CB321FEF}.Release|Any CPU.ActiveCfg = Release|Any CPU
		{518690FE-BC08-6875-07C2-1976CB321FEF}.Release|Any CPU.Build.0 = Release|Any CPU
		{78EB2028-9945-3A0D-0AE0-20EC71A59151}.Debug|Any CPU.ActiveCfg = Debug|Any CPU
		{78EB2028-9945-3A0D-0AE0-20EC71A59151}.Debug|Any CPU.Build.0 = Debug|Any CPU
		{78EB2028-9945-3A0D-0AE0-20EC71A59151}.Release|Any CPU.ActiveCfg = Release|Any CPU
		{78EB2028-9945-3A0D-0AE0-20EC71A59151}.Release|Any CPU.Build.0 = Release|Any CPU
		{7A3E846F-B8FE-05E0-4741-1C47619D696A}.Debug|Any CPU.ActiveCfg = Debug|Any CPU
		{7A3E846F-B8FE-05E0-4741-1C47619D696A}.Debug|Any CPU.Build.0 = Debug|Any CPU
		{7A3E846F-B8FE-05E0-4741-1C47619D696A}.Release|Any CPU.ActiveCfg = Release|Any CPU
		{7A3E846F-B8FE-05E0-4741-1C47619D696A}.Release|Any CPU.Build.0 = Release|Any CPU
		{31376B3C-7C93-6D70-2EF9-EF7BF85AD3CF}.Debug|Any CPU.ActiveCfg = Debug|Any CPU
		{31376B3C-7C93-6D70-2EF9-EF7BF85AD3CF}.Debug|Any CPU.Build.0 = Debug|Any CPU
		{31376B3C-7C93-6D70-2EF9-EF7BF85AD3CF}.Release|Any CPU.ActiveCfg = Release|Any CPU
		{31376B3C-7C93-6D70-2EF9-EF7BF85AD3CF}.Release|Any CPU.Build.0 = Release|Any CPU
		{36A95647-9260-A97E-9786-B100B9F94CB0}.Debug|Any CPU.ActiveCfg = Debug|Any CPU
		{36A95647-9260-A97E-9786-B100B9F94CB0}.Debug|Any CPU.Build.0 = Debug|Any CPU
		{36A95647-9260-A97E-9786-B100B9F94CB0}.Release|Any CPU.ActiveCfg = Release|Any CPU
		{36A95647-9260-A97E-9786-B100B9F94CB0}.Release|Any CPU.Build.0 = Release|Any CPU
		{9A52232C-5638-B59D-32E8-0A2E6F1C82CA}.Debug|Any CPU.ActiveCfg = Debug|Any CPU
		{9A52232C-5638-B59D-32E8-0A2E6F1C82CA}.Debug|Any CPU.Build.0 = Debug|Any CPU
		{9A52232C-5638-B59D-32E8-0A2E6F1C82CA}.Release|Any CPU.ActiveCfg = Release|Any CPU
		{9A52232C-5638-B59D-32E8-0A2E6F1C82CA}.Release|Any CPU.Build.0 = Release|Any CPU
		{80C37EF8-A64B-AC64-0855-13D16B94789A}.Debug|Any CPU.ActiveCfg = Debug|Any CPU
		{80C37EF8-A64B-AC64-0855-13D16B94789A}.Debug|Any CPU.Build.0 = Debug|Any CPU
		{80C37EF8-A64B-AC64-0855-13D16B94789A}.Release|Any CPU.ActiveCfg = Release|Any CPU
		{80C37EF8-A64B-AC64-0855-13D16B94789A}.Release|Any CPU.Build.0 = Release|Any CPU
		{1E2B45E3-6D5F-D01A-084F-E2A1FBADEAD3}.Debug|Any CPU.ActiveCfg = Debug|Any CPU
		{1E2B45E3-6D5F-D01A-084F-E2A1FBADEAD3}.Debug|Any CPU.Build.0 = Debug|Any CPU
		{1E2B45E3-6D5F-D01A-084F-E2A1FBADEAD3}.Release|Any CPU.ActiveCfg = Release|Any CPU
		{1E2B45E3-6D5F-D01A-084F-E2A1FBADEAD3}.Release|Any CPU.Build.0 = Release|Any CPU
		{9CD439B7-CADF-082E-F2A5-C68AE5D12109}.Debug|Any CPU.ActiveCfg = Debug|Any CPU
		{9CD439B7-CADF-082E-F2A5-C68AE5D12109}.Debug|Any CPU.Build.0 = Debug|Any CPU
		{9CD439B7-CADF-082E-F2A5-C68AE5D12109}.Release|Any CPU.ActiveCfg = Release|Any CPU
		{9CD439B7-CADF-082E-F2A5-C68AE5D12109}.Release|Any CPU.Build.0 = Release|Any CPU
		{7A00014E-9E6E-70B4-D186-6BC6A17A259F}.Debug|Any CPU.ActiveCfg = Debug|Any CPU
		{7A00014E-9E6E-70B4-D186-6BC6A17A259F}.Debug|Any CPU.Build.0 = Debug|Any CPU
		{7A00014E-9E6E-70B4-D186-6BC6A17A259F}.Release|Any CPU.ActiveCfg = Release|Any CPU
		{7A00014E-9E6E-70B4-D186-6BC6A17A259F}.Release|Any CPU.Build.0 = Release|Any CPU
		{E67129E4-5F8B-BE24-8902-5474226973E2}.Debug|Any CPU.ActiveCfg = Debug|Any CPU
		{E67129E4-5F8B-BE24-8902-5474226973E2}.Debug|Any CPU.Build.0 = Debug|Any CPU
		{E67129E4-5F8B-BE24-8902-5474226973E2}.Release|Any CPU.ActiveCfg = Release|Any CPU
		{E67129E4-5F8B-BE24-8902-5474226973E2}.Release|Any CPU.Build.0 = Release|Any CPU
		{0E31D5D5-7160-6147-6CC7-8904605C4A37}.Debug|Any CPU.ActiveCfg = Debug|Any CPU
		{0E31D5D5-7160-6147-6CC7-8904605C4A37}.Debug|Any CPU.Build.0 = Debug|Any CPU
		{0E31D5D5-7160-6147-6CC7-8904605C4A37}.Release|Any CPU.ActiveCfg = Release|Any CPU
		{0E31D5D5-7160-6147-6CC7-8904605C4A37}.Release|Any CPU.Build.0 = Release|Any CPU
		{CC80EE42-7CF9-8DB2-9847-02280C36F474}.Debug|Any CPU.ActiveCfg = Debug|Any CPU
		{CC80EE42-7CF9-8DB2-9847-02280C36F474}.Debug|Any CPU.Build.0 = Debug|Any CPU
		{CC80EE42-7CF9-8DB2-9847-02280C36F474}.Release|Any CPU.ActiveCfg = Release|Any CPU
		{CC80EE42-7CF9-8DB2-9847-02280C36F474}.Release|Any CPU.Build.0 = Release|Any CPU
		{529C30D6-D1D9-ABB9-FD36-B0CE9A0CE11B}.Debug|Any CPU.ActiveCfg = Debug|Any CPU
		{529C30D6-D1D9-ABB9-FD36-B0CE9A0CE11B}.Debug|Any CPU.Build.0 = Debug|Any CPU
		{529C30D6-D1D9-ABB9-FD36-B0CE9A0CE11B}.Release|Any CPU.ActiveCfg = Release|Any CPU
		{529C30D6-D1D9-ABB9-FD36-B0CE9A0CE11B}.Release|Any CPU.Build.0 = Release|Any CPU
		{4E9A62E9-F8FF-414A-E29D-DF4F92F26131}.Debug|Any CPU.ActiveCfg = Debug|Any CPU
		{4E9A62E9-F8FF-414A-E29D-DF4F92F26131}.Debug|Any CPU.Build.0 = Debug|Any CPU
		{4E9A62E9-F8FF-414A-E29D-DF4F92F26131}.Release|Any CPU.ActiveCfg = Release|Any CPU
		{4E9A62E9-F8FF-414A-E29D-DF4F92F26131}.Release|Any CPU.Build.0 = Release|Any CPU
		{C4B9A856-2ECF-C88C-1455-80237592FBCC}.Debug|Any CPU.ActiveCfg = Debug|Any CPU
		{C4B9A856-2ECF-C88C-1455-80237592FBCC}.Debug|Any CPU.Build.0 = Debug|Any CPU
		{C4B9A856-2ECF-C88C-1455-80237592FBCC}.Release|Any CPU.ActiveCfg = Release|Any CPU
		{C4B9A856-2ECF-C88C-1455-80237592FBCC}.Release|Any CPU.Build.0 = Release|Any CPU
		{B2CA2284-7165-AFFB-FC2F-9BB98677F6BC}.Debug|Any CPU.ActiveCfg = Debug|Any CPU
		{B2CA2284-7165-AFFB-FC2F-9BB98677F6BC}.Debug|Any CPU.Build.0 = Debug|Any CPU
		{B2CA2284-7165-AFFB-FC2F-9BB98677F6BC}.Release|Any CPU.ActiveCfg = Release|Any CPU
		{B2CA2284-7165-AFFB-FC2F-9BB98677F6BC}.Release|Any CPU.Build.0 = Release|Any CPU
		{5795E109-27D5-6107-FCAA-211295BEA317}.Debug|Any CPU.ActiveCfg = Debug|Any CPU
		{5795E109-27D5-6107-FCAA-211295BEA317}.Debug|Any CPU.Build.0 = Debug|Any CPU
		{5795E109-27D5-6107-FCAA-211295BEA317}.Release|Any CPU.ActiveCfg = Release|Any CPU
		{5795E109-27D5-6107-FCAA-211295BEA317}.Release|Any CPU.Build.0 = Release|Any CPU
		{31A796F5-8D12-BDAB-A0A3-986F4933F095}.Debug|Any CPU.ActiveCfg = Debug|Any CPU
		{31A796F5-8D12-BDAB-A0A3-986F4933F095}.Debug|Any CPU.Build.0 = Debug|Any CPU
		{31A796F5-8D12-BDAB-A0A3-986F4933F095}.Release|Any CPU.ActiveCfg = Release|Any CPU
		{31A796F5-8D12-BDAB-A0A3-986F4933F095}.Release|Any CPU.Build.0 = Release|Any CPU
		{23275155-7CB7-E042-8E7B-E6D04C8CF496}.Debug|Any CPU.ActiveCfg = Debug|Any CPU
		{23275155-7CB7-E042-8E7B-E6D04C8CF496}.Debug|Any CPU.Build.0 = Debug|Any CPU
		{23275155-7CB7-E042-8E7B-E6D04C8CF496}.Release|Any CPU.ActiveCfg = Release|Any CPU
		{23275155-7CB7-E042-8E7B-E6D04C8CF496}.Release|Any CPU.Build.0 = Release|Any CPU
		{B33BAF2A-D3ED-41A6-5934-874107263481}.Debug|Any CPU.ActiveCfg = Debug|Any CPU
		{B33BAF2A-D3ED-41A6-5934-874107263481}.Debug|Any CPU.Build.0 = Debug|Any CPU
		{B33BAF2A-D3ED-41A6-5934-874107263481}.Release|Any CPU.ActiveCfg = Release|Any CPU
		{B33BAF2A-D3ED-41A6-5934-874107263481}.Release|Any CPU.Build.0 = Release|Any CPU
		{EF3A26E7-D498-2421-9334-C8C5968EB790}.Debug|Any CPU.ActiveCfg = Debug|Any CPU
		{EF3A26E7-D498-2421-9334-C8C5968EB790}.Debug|Any CPU.Build.0 = Debug|Any CPU
		{EF3A26E7-D498-2421-9334-C8C5968EB790}.Release|Any CPU.ActiveCfg = Release|Any CPU
		{EF3A26E7-D498-2421-9334-C8C5968EB790}.Release|Any CPU.Build.0 = Release|Any CPU
		{016F0807-F6BF-15E9-C51F-E58D177FBF33}.Debug|Any CPU.ActiveCfg = Debug|Any CPU
		{016F0807-F6BF-15E9-C51F-E58D177FBF33}.Debug|Any CPU.Build.0 = Debug|Any CPU
		{016F0807-F6BF-15E9-C51F-E58D177FBF33}.Release|Any CPU.ActiveCfg = Release|Any CPU
		{016F0807-F6BF-15E9-C51F-E58D177FBF33}.Release|Any CPU.Build.0 = Release|Any CPU
		{9EAEE02F-AB55-0E08-3048-2E70E3B61945}.Debug|Any CPU.ActiveCfg = Debug|Any CPU
		{9EAEE02F-AB55-0E08-3048-2E70E3B61945}.Debug|Any CPU.Build.0 = Debug|Any CPU
		{9EAEE02F-AB55-0E08-3048-2E70E3B61945}.Release|Any CPU.ActiveCfg = Release|Any CPU
		{9EAEE02F-AB55-0E08-3048-2E70E3B61945}.Release|Any CPU.Build.0 = Release|Any CPU
		{F4C0EA68-B816-BDBF-E0E8-229067D96B7B}.Debug|Any CPU.ActiveCfg = Debug|Any CPU
		{F4C0EA68-B816-BDBF-E0E8-229067D96B7B}.Debug|Any CPU.Build.0 = Debug|Any CPU
		{F4C0EA68-B816-BDBF-E0E8-229067D96B7B}.Release|Any CPU.ActiveCfg = Release|Any CPU
		{F4C0EA68-B816-BDBF-E0E8-229067D96B7B}.Release|Any CPU.Build.0 = Release|Any CPU
		{726CE25A-FF62-5EAE-570B-B59968AE12BE}.Debug|Any CPU.ActiveCfg = Debug|Any CPU
		{726CE25A-FF62-5EAE-570B-B59968AE12BE}.Debug|Any CPU.Build.0 = Debug|Any CPU
		{726CE25A-FF62-5EAE-570B-B59968AE12BE}.Release|Any CPU.ActiveCfg = Release|Any CPU
		{726CE25A-FF62-5EAE-570B-B59968AE12BE}.Release|Any CPU.Build.0 = Release|Any CPU
		{A1527284-6991-9A5A-5CBB-BC2C924863B3}.Debug|Any CPU.ActiveCfg = Debug|Any CPU
		{A1527284-6991-9A5A-5CBB-BC2C924863B3}.Debug|Any CPU.Build.0 = Debug|Any CPU
		{A1527284-6991-9A5A-5CBB-BC2C924863B3}.Release|Any CPU.ActiveCfg = Release|Any CPU
		{A1527284-6991-9A5A-5CBB-BC2C924863B3}.Release|Any CPU.Build.0 = Release|Any CPU
		{D2509C80-787B-67EB-8C15-B785EEBA7E2C}.Debug|Any CPU.ActiveCfg = Debug|Any CPU
		{D2509C80-787B-67EB-8C15-B785EEBA7E2C}.Debug|Any CPU.Build.0 = Debug|Any CPU
		{D2509C80-787B-67EB-8C15-B785EEBA7E2C}.Release|Any CPU.ActiveCfg = Release|Any CPU
		{D2509C80-787B-67EB-8C15-B785EEBA7E2C}.Release|Any CPU.Build.0 = Release|Any CPU
		{C15B1978-488B-A260-CE2A-F60FE8C73893}.Debug|Any CPU.ActiveCfg = Debug|Any CPU
		{C15B1978-488B-A260-CE2A-F60FE8C73893}.Debug|Any CPU.Build.0 = Debug|Any CPU
		{C15B1978-488B-A260-CE2A-F60FE8C73893}.Release|Any CPU.ActiveCfg = Release|Any CPU
		{C15B1978-488B-A260-CE2A-F60FE8C73893}.Release|Any CPU.Build.0 = Release|Any CPU
		{C8A7FFBD-F0C5-9F5D-9D2F-08D4F3F54AFF}.Debug|Any CPU.ActiveCfg = Debug|Any CPU
		{C8A7FFBD-F0C5-9F5D-9D2F-08D4F3F54AFF}.Debug|Any CPU.Build.0 = Debug|Any CPU
		{C8A7FFBD-F0C5-9F5D-9D2F-08D4F3F54AFF}.Release|Any CPU.ActiveCfg = Release|Any CPU
		{C8A7FFBD-F0C5-9F5D-9D2F-08D4F3F54AFF}.Release|Any CPU.Build.0 = Release|Any CPU
		{DB3F2B64-407F-E300-BAD7-8548543C5620}.Debug|Any CPU.ActiveCfg = Debug|Any CPU
		{DB3F2B64-407F-E300-BAD7-8548543C5620}.Debug|Any CPU.Build.0 = Debug|Any CPU
		{DB3F2B64-407F-E300-BAD7-8548543C5620}.Release|Any CPU.ActiveCfg = Release|Any CPU
		{DB3F2B64-407F-E300-BAD7-8548543C5620}.Release|Any CPU.Build.0 = Release|Any CPU
		{D9E9AD5B-8F22-C8C1-23E0-90F2E07DBED7}.Debug|Any CPU.ActiveCfg = Debug|Any CPU
		{D9E9AD5B-8F22-C8C1-23E0-90F2E07DBED7}.Debug|Any CPU.Build.0 = Debug|Any CPU
		{D9E9AD5B-8F22-C8C1-23E0-90F2E07DBED7}.Release|Any CPU.ActiveCfg = Release|Any CPU
		{D9E9AD5B-8F22-C8C1-23E0-90F2E07DBED7}.Release|Any CPU.Build.0 = Release|Any CPU
		{2251ABB8-E9FF-27D1-37A9-47398197758A}.Debug|Any CPU.ActiveCfg = Debug|Any CPU
		{2251ABB8-E9FF-27D1-37A9-47398197758A}.Debug|Any CPU.Build.0 = Debug|Any CPU
		{2251ABB8-E9FF-27D1-37A9-47398197758A}.Release|Any CPU.ActiveCfg = Release|Any CPU
		{2251ABB8-E9FF-27D1-37A9-47398197758A}.Release|Any CPU.Build.0 = Release|Any CPU
		{A08C0683-003A-4B17-9771-5A1760B7C552}.Debug|Any CPU.ActiveCfg = Debug|Any CPU
		{A08C0683-003A-4B17-9771-5A1760B7C552}.Debug|Any CPU.Build.0 = Debug|Any CPU
		{A08C0683-003A-4B17-9771-5A1760B7C552}.Release|Any CPU.ActiveCfg = Release|Any CPU
		{A08C0683-003A-4B17-9771-5A1760B7C552}.Release|Any CPU.Build.0 = Release|Any CPU
	EndGlobalSection
	GlobalSection(SolutionProperties) = preSolution
		HideSolutionNode = FALSE
	EndGlobalSection
EndGlobal
